
Microsoft Visual Studio Solution File, Format Version 12.00
# Visual Studio 2013
VisualStudioVersion = 12.0.31101.0
MinimumVisualStudioVersion = 10.0.40219.1
Project("{FAE04EC0-301F-11D3-BF4B-00C04F79EFBC}") = "SocietyAnalysisWeb_v1", "SocietyAnalysisWeb_v1\SocietyAnalysisWeb_v1.csproj", "{91A95239-0FC0-49CB-B6C8-B95F151260E2}"
EndProject
Project("{2150E333-8FDC-42A3-9474-1A3956D46DE8}") = "DAL", "DAL", "{690BD298-3FD6-455B-B9DC-FA39FE60D5AA}"
EndProject
Project("{FAE04EC0-301F-11D3-BF4B-00C04F79EFBC}") = "SocietyAnalysisWeb.DataBase", "SocietyAnalysisWeb.DataBase\SocietyAnalysisWeb.DataBase.csproj", "{14DF8413-ED6A-4D3C-9DEB-9B13712ADB86}"
EndProject
Project("{FAE04EC0-301F-11D3-BF4B-00C04F79EFBC}") = "SocietyAnalysisWeb.DataModel", "SocietyAnalysisWeb.DataModel\SocietyAnalysisWeb.DataModel.csproj", "{2AD74536-BF2E-4E82-B938-274A3CCFED35}"
EndProject
Global
	GlobalSection(SolutionConfigurationPlatforms) = preSolution
		Debug|Any CPU = Debug|Any CPU
		Release|Any CPU = Release|Any CPU
	EndGlobalSection
	GlobalSection(ProjectConfigurationPlatforms) = postSolution
		{91A95239-0FC0-49CB-B6C8-B95F151260E2}.Debug|Any CPU.ActiveCfg = Debug|Any CPU
		{91A95239-0FC0-49CB-B6C8-B95F151260E2}.Debug|Any CPU.Build.0 = Debug|Any CPU
		{91A95239-0FC0-49CB-B6C8-B95F151260E2}.Release|Any CPU.ActiveCfg = Release|Any CPU
		{91A95239-0FC0-49CB-B6C8-B95F151260E2}.Release|Any CPU.Build.0 = Release|Any CPU
		{14DF8413-ED6A-4D3C-9DEB-9B13712ADB86}.Debug|Any CPU.ActiveCfg = Debug|Any CPU
		{14DF8413-ED6A-4D3C-9DEB-9B13712ADB86}.Debug|Any CPU.Build.0 = Debug|Any CPU
		{14DF8413-ED6A-4D3C-9DEB-9B13712ADB86}.Release|Any CPU.ActiveCfg = Release|Any CPU
		{14DF8413-ED6A-4D3C-9DEB-9B13712ADB86}.Release|Any CPU.Build.0 = Release|Any CPU
		{2AD74536-BF2E-4E82-B938-274A3CCFED35}.Debug|Any CPU.ActiveCfg = Debug|Any CPU
		{2AD74536-BF2E-4E82-B938-274A3CCFED35}.Debug|Any CPU.Build.0 = Debug|Any CPU
		{2AD74536-BF2E-4E82-B938-274A3CCFED35}.Release|Any CPU.ActiveCfg = Release|Any CPU
		{2AD74536-BF2E-4E82-B938-274A3CCFED35}.Release|Any CPU.Build.0 = Release|Any CPU
	EndGlobalSection
	GlobalSection(SolutionProperties) = preSolution
		HideSolutionNode = FALSE
	EndGlobalSection
	GlobalSection(NestedProjects) = preSolution
		{14DF8413-ED6A-4D3C-9DEB-9B13712ADB86} = {690BD298-3FD6-455B-B9DC-FA39FE60D5AA}
		{2AD74536-BF2E-4E82-B938-274A3CCFED35} = {690BD298-3FD6-455B-B9DC-FA39FE60D5AA}
	EndGlobalSection
EndGlobal
